
Microsoft Visual Studio Solution File, Format Version 12.00
# Visual Studio Version 17
VisualStudioVersion = 17.4.33213.308
MinimumVisualStudioVersion = 10.0.40219.1
Project("{FAE04EC0-301F-11D3-BF4B-00C04F79EFBC}") = "HW2Tests", "HW2Tests.csproj", "{CE6F1025-068E-419B-B9F4-F70D7BF5D882}"
EndProject
Global
	GlobalSection(SolutionConfigurationPlatforms) = preSolution
		Debug|Any CPU = Debug|Any CPU
		Release|Any CPU = Release|Any CPU
	EndGlobalSection
	GlobalSection(ProjectConfigurationPlatforms) = postSolution
		{CE6F1025-068E-419B-B9F4-F70D7BF5D882}.Debug|Any CPU.ActiveCfg = Debug|Any CPU
		{CE6F1025-068E-419B-B9F4-F70D7BF5D882}.Debug|Any CPU.Build.0 = Debug|Any CPU
		{CE6F1025-068E-419B-B9F4-F70D7BF5D882}.Release|Any CPU.ActiveCfg = Release|Any CPU
		{CE6F1025-068E-419B-B9F4-F70D7BF5D882}.Release|Any CPU.Build.0 = Release|Any CPU
	EndGlobalSection
	GlobalSection(SolutionProperties) = preSolution
		HideSolutionNode = FALSE
	EndGlobalSection
	GlobalSection(ExtensibilityGlobals) = postSolution
		SolutionGuid = {60656953-045E-4FDC-8643-5FE7937FDB24}
	EndGlobalSection
EndGlobal
